<?xml version="1.0" encoding="utf-8"?>
<Project ToolsVersion="4.0" xmlns="http://schemas.microsoft.com/developer/msbuild/2003">
  <ItemGroup>
    <Filter Include="Source Files">
      <UniqueIdentifier>{4FC737F1-C7A5-4376-A066-2A32D752A2FF}</UniqueIdentifier>
      <Extensions>cpp;c;cc;cxx;def;odl;idl;hpj;bat;asm;asmx</Extensions>
    </Filter>
    <Filter Include="Header Files">
      <UniqueIdentifier>{93995380-89BD-4b04-88EB-625FBE52EBFB}</UniqueIdentifier>
      <Extensions>h;hpp;hxx;hm;inl;inc;xsd</Extensions>
    </Filter>
    <Filter Include="Resource Files">
      <UniqueIdentifier>{67DA6AB6-F800-4c08-8B7A-83BB121AAD01}</UniqueIdentifier>
      <Extensions>rc;ico;cur;bmp;dlg;rc2;rct;bin;rgs;gif;jpg;jpeg;jpe;resx;tiff;tif;png;wav;mfcribbon-ms</Extensions>
    </Filter>
  </ItemGroup>
  <ItemGroup>
    <ClInclude Include="Stdafx.h">
      <Filter>Header Files</Filter>
    </ClInclude>
    <ClInclude Include="HMCEncoder_h.h">
      <Filter>Header Files</Filter>
    </ClInclude>
    <ClInclude Include="resource.h">
      <Filter>Header Files</Filter>
    </ClInclude>
    <ClInclude Include="AVEncoder.h">
      <Filter>Header Files</Filter>
    </ClInclude>
    <ClInclude Include="DesktopSourceFilter.h">
      <Filter>Header Files</Filter>
    </ClInclude>
    <ClInclude Include="DesktopSourceVideoPin.h">
      <Filter>Header Files</Filter>
    </ClInclude>
    <ClInclude Include="DesktopSourceAudioPin.h">
      <Filter>Header Files</Filter>
    </ClInclude>
    <ClInclude Include="DesktopSourceParameters.h">
      <Filter>Header Files</Filter>
    </ClInclude>
    <ClInclude Include="DesktopSourcePage.h">
      <Filter>Header Files</Filter>
    </ClInclude>
    <ClInclude Include="EncoderFilter.h">
      <Filter>Header Files</Filter>
    </ClInclude>
    <ClInclude Include="EncoderPage.h">
      <Filter>Header Files</Filter>
    </ClInclude>
    <ClInclude Include="EncoderParameters.h">
      <Filter>Header Files</Filter>
    </ClInclude>
    <ClInclude Include="EncoderPassThru.h">
      <Filter>Header Files</Filter>
    </ClInclude>
    <ClInclude Include="EncoderAsyncInputPin.h">
      <Filter>Header Files</Filter>
    </ClInclude>
    <ClInclude Include="EncoderAudioInputPin.h">
      <Filter>Header Files</Filter>
    </ClInclude>
    <ClInclude Include="EncoderVideoInputPin.h">
      <Filter>Header Files</Filter>
    </ClInclude>
    <ClInclude Include="EncoderStreamOutputPin.h">
      <Filter>Header Files</Filter>
    </ClInclude>
    <ClInclude Include="FrameRateFilter.h">
      <Filter>Header Files</Filter>
    </ClInclude>
    <ClInclude Include="FrameRatePage.h">
      <Filter>Header Files</Filter>
    </ClInclude>
    <ClInclude Include="FrameRateParameters.h">
      <Filter>Header Files</Filter>
    </ClInclude>
    <ClInclude Include="FrameWriterFilter.h">
      <Filter>Header Files</Filter>
    </ClInclude>
    <ClInclude Include="FrameWriterParameters.h">
      <Filter>Header Files</Filter>
    </ClInclude>
    <ClInclude Include="FrameWriterPage.h">
      <Filter>Header Files</Filter>
    </ClInclude>
    <ClInclude Include="EncoderLogPage.h">
      <Filter>Header Files</Filter>
    </ClInclude>
  </ItemGroup>
  <ItemGroup>
    <ClCompile Include="Stdafx.cpp">
      <Filter>Source Files</Filter>
    </ClCompile>
    <ClCompile Include="HMCEncoder_i.c">
      <Filter>Source Files</Filter>
    </ClCompile>
    <ClCompile Include="HMCEncoder.cpp">
      <Filter>Source Files</Filter>
    </ClCompile>
    <ClCompile Include="AVEncoder.cpp">
      <Filter>Source Files</Filter>
    </ClCompile>
    <ClCompile Include="DesktopSourceFilter.cpp">
      <Filter>Source Files</Filter>
    </ClCompile>
    <ClCompile Include="DesktopSourceVideoPin.cpp">
      <Filter>Source Files</Filter>
    </ClCompile>
    <ClCompile Include="DesktopSourceAudioPin.cpp">
      <Filter>Source Files</Filter>
    </ClCompile>
    <ClCompile Include="DesktopSourceParameters.cpp">
      <Filter>Source Files</Filter>
    </ClCompile>
    <ClCompile Include="DesktopSourcePage.cpp">
      <Filter>Source Files</Filter>
    </ClCompile>
    <ClCompile Include="EncoderFilter.cpp">
      <Filter>Source Files</Filter>
    </ClCompile>
    <ClCompile Include="EncoderPage.cpp">
      <Filter>Source Files</Filter>
    </ClCompile>
    <ClCompile Include="EncoderParameters.cpp">
      <Filter>Source Files</Filter>
    </ClCompile>
    <ClCompile Include="EncoderPassThru.cpp">
      <Filter>Source Files</Filter>
    </ClCompile>
    <ClCompile Include="EncoderAsyncInputPin.cpp">
      <Filter>Source Files</Filter>
    </ClCompile>
    <ClCompile Include="EncoderAudioInputPin.cpp">
      <Filter>Source Files</Filter>
    </ClCompile>
    <ClCompile Include="EncoderVideoInputPin.cpp">
      <Filter>Source Files</Filter>
    </ClCompile>
    <ClCompile Include="EncoderStreamOutputPin.cpp">
      <Filter>Source Files</Filter>
    </ClCompile>
    <ClCompile Include="FrameRateFilter.cpp">
      <Filter>Source Files</Filter>
    </ClCompile>
    <ClCompile Include="FrameRatePage.cpp">
      <Filter>Source Files</Filter>
    </ClCompile>
    <ClCompile Include="FrameRateParameters.cpp">
      <Filter>Source Files</Filter>
    </ClCompile>
    <ClCompile Include="FrameWriterFilter.cpp">
      <Filter>Source Files</Filter>
    </ClCompile>
    <ClCompile Include="FrameWriterParameters.cpp">
      <Filter>Source Files</Filter>
    </ClCompile>
    <ClCompile Include="FrameWriterPage.cpp">
      <Filter>Source Files</Filter>
    </ClCompile>
    <ClCompile Include="EncoderLogPage.cpp">
      <Filter>Source Files</Filter>
    </ClCompile>
  </ItemGroup>
  <ItemGroup>
    <None Include="HMCEncoder.def">
      <Filter>Source Files</Filter>
    </None>
  </ItemGroup>
  <ItemGroup>
    <Midl Include="HMCEncoder.idl">
      <Filter>Source Files</Filter>
    </Midl>
  </ItemGroup>
  <ItemGroup>
    <ResourceCompile Include="HMCEncoder.rc">
      <Filter>Resource Files</Filter>
    </ResourceCompile>
  </ItemGroup>
</Project>