<?xml version="1.0" encoding="utf-8"?>
<Project ToolsVersion="4.0" xmlns="http://schemas.microsoft.com/developer/msbuild/2003">
  <ItemGroup>
    <Filter Include="Source Files">
      <UniqueIdentifier>{4FC737F1-C7A5-4376-A066-2A32D752A2FF}</UniqueIdentifier>
      <Extensions>cpp;c;cc;cxx;def;odl;idl;hpj;bat;asm;asmx</Extensions>
    </Filter>
    <Filter Include="Header Files">
      <UniqueIdentifier>{93995380-89BD-4b04-88EB-625FBE52EBFB}</UniqueIdentifier>
      <Extensions>h;hpp;hxx;hm;inl;inc;xsd</Extensions>
    </Filter>
    <Filter Include="Resource Files">
      <UniqueIdentifier>{67DA6AB6-F800-4c08-8B7A-83BB121AAD01}</UniqueIdentifier>
      <Extensions>rc;ico;cur;bmp;dlg;rc2;rct;bin;rgs;gif;jpg;jpeg;jpe;resx;tiff;tif;png;wav;mfcribbon-ms</Extensions>
    </Filter>
    <Filter Include="Header Files\Extern">
      <UniqueIdentifier>{cde77b54-cad1-4698-93ea-e3a04c042861}</UniqueIdentifier>
    </Filter>
  </ItemGroup>
  <ItemGroup>
    <ClInclude Include="DSWrapper.h">
      <Filter>Header Files</Filter>
    </ClInclude>
    <ClInclude Include="Stdafx.h">
      <Filter>Header Files</Filter>
    </ClInclude>
    <ClInclude Include="resource.h">
      <Filter>Header Files</Filter>
    </ClInclude>
    <ClInclude Include="DSException.h">
      <Filter>Header Files</Filter>
    </ClInclude>
    <ClInclude Include="PinInfoItem.h">
      <Filter>Header Files</Filter>
    </ClInclude>
    <ClInclude Include="Enums.h">
      <Filter>Header Files</Filter>
    </ClInclude>
    <ClInclude Include="ContainerType.h">
      <Filter>Header Files</Filter>
    </ClInclude>
    <ClInclude Include="ProgressChangeEventArgs.h">
      <Filter>Header Files</Filter>
    </ClInclude>
    <ClInclude Include="WMSinkWriter.h">
      <Filter>Header Files</Filter>
    </ClInclude>
    <ClInclude Include="InputType.h">
      <Filter>Header Files</Filter>
    </ClInclude>
    <ClInclude Include="DSBufferedStream.h">
      <Filter>Header Files</Filter>
    </ClInclude>
    <ClInclude Include="DSPlayer.h">
      <Filter>Header Files</Filter>
    </ClInclude>
    <ClInclude Include="SourceFilter.h">
      <Filter>Header Files</Filter>
    </ClInclude>
    <ClInclude Include="SinkFilterGraph.h">
      <Filter>Header Files</Filter>
    </ClInclude>
    <ClInclude Include="SinkSourceFilter.h">
      <Filter>Header Files</Filter>
    </ClInclude>
    <ClInclude Include="Extern\vp8encoderidl.h">
      <Filter>Header Files\Extern</Filter>
    </ClInclude>
    <ClInclude Include="Extern\webmmuxidl.h">
      <Filter>Header Files\Extern</Filter>
    </ClInclude>
    <ClInclude Include="Extern\IVorbisEncodeSettings.h">
      <Filter>Header Files\Extern</Filter>
    </ClInclude>
    <ClInclude Include="FileWriterFilter.h">
      <Filter>Header Files</Filter>
    </ClInclude>
    <ClInclude Include="Extern\IffDecoder.h">
      <Filter>Header Files\Extern</Filter>
    </ClInclude>
    <ClInclude Include="Extern\IffdshowBase.h">
      <Filter>Header Files\Extern</Filter>
    </ClInclude>
    <ClInclude Include="DLLManager.h">
      <Filter>Header Files</Filter>
    </ClInclude>
    <ClInclude Include="MediaFile.h">
      <Filter>Header Files</Filter>
    </ClInclude>
    <ClInclude Include="WMPreFilter.h">
      <Filter>Header Files</Filter>
    </ClInclude>
    <ClInclude Include="PreFilter.h">
      <Filter>Header Files</Filter>
    </ClInclude>
  </ItemGroup>
  <ItemGroup>
    <ClCompile Include="DSWrapper.cpp">
      <Filter>Source Files</Filter>
    </ClCompile>
    <ClCompile Include="AssemblyInfo.cpp">
      <Filter>Source Files</Filter>
    </ClCompile>
    <ClCompile Include="Stdafx.cpp">
      <Filter>Source Files</Filter>
    </ClCompile>
    <ClCompile Include="FileWriterFilter.cpp">
      <Filter>Source Files</Filter>
    </ClCompile>
    <ClCompile Include="ContainerType.cpp">
      <Filter>Source Files</Filter>
    </ClCompile>
    <ClCompile Include="WMSinkWriter.cpp">
      <Filter>Source Files</Filter>
    </ClCompile>
    <ClCompile Include="InputType.cpp">
      <Filter>Source Files</Filter>
    </ClCompile>
    <ClCompile Include="DSBufferedStream.cpp">
      <Filter>Source Files</Filter>
    </ClCompile>
    <ClCompile Include="DSPlayer.cpp">
      <Filter>Source Files</Filter>
    </ClCompile>
    <ClCompile Include="SourceFilter.cpp">
      <Filter>Source Files</Filter>
    </ClCompile>
    <ClCompile Include="SinkFilterGraph.cpp">
      <Filter>Source Files</Filter>
    </ClCompile>
    <ClCompile Include="SinkSourceFilter.cpp">
      <Filter>Source Files</Filter>
    </ClCompile>
    <ClCompile Include="MediaFile.cpp">
      <Filter>Source Files</Filter>
    </ClCompile>
    <ClCompile Include="WMPreFilter.cpp">
      <Filter>Source Files</Filter>
    </ClCompile>
    <ClCompile Include="PreFilter.cpp">
      <Filter>Source Files</Filter>
    </ClCompile>
    <ClCompile Include="DLLManager.cpp">
      <Filter>Source Files</Filter>
    </ClCompile>
  </ItemGroup>
  <ItemGroup>
    <None Include="ReadMe.txt" />
    <None Include="app.ico">
      <Filter>Resource Files</Filter>
    </None>
    <None Include="ClassDiagram.cd" />
  </ItemGroup>
  <ItemGroup>
    <ResourceCompile Include="app.rc">
      <Filter>Resource Files</Filter>
    </ResourceCompile>
  </ItemGroup>
</Project>